# This file is automatically @generated by Cargo.
# It is not intended for manual editing.
version = 4

[[package]]
name = "grepatch"
version = "0.1.0"
dependencies = [
 "noargs",
 "orfail",
]

[[package]]
name = "noargs"
version = "0.3.1"
source = "registry+https://github.com/rust-lang/crates.io-index"
checksum = "dc848e428ebcc9b10724be87297bc04e039a073a290ea7142bd80ef73f871e5c"

[[package]]
name = "orfail"
version = "1.1.0"
source = "registry+https://github.com/rust-lang/crates.io-index"
checksum = "aba2212a0fddd290c8209fb9b0393382435ede29c24a71f245d7fa92f0f3442e"
